{
  "name": "node-vad",
  "version": "1.1.1",
  "lockfileVersion": 1,
  "requires": true,
  "dependencies": {
    "bindings": {
      "version": "1.2.1",
      "resolved": "https://registry.npmjs.org/bindings/-/bindings-1.2.1.tgz",
      "integrity": "sha1-FK1hE4EtLTfXLme0ystLtyZQXxE="
    },
    "nan": {
      "version": "2.10.0",
      "resolved": "https://registry.npmjs.org/nan/-/nan-2.10.0.tgz",
      "integrity": "sha512-bAdJv7fBLhWC+/Bls0Oza+mvTaNQtP+1RyhhhvD95pgUJz6XM5IzgmxOkItJ9tkoCiplvAnXI1tNmmUD/eScyA=="
    },
    "util-promisifyall": {
      "version": "1.0.4",
      "resolved": "https://registry.npmjs.org/util-promisifyall/-/util-promisifyall-1.0.4.tgz",
      "integrity": "sha512-dgR84x56iVKsSMNo5GGED+xciS1bLS84Wsi5sYHW59Wf/P0mVdJckx2o7vLHrChG94J4c/T9EXoRJSoNy6qSEQ=="
    }
  }
}
