{
  "name": "node-vad",
  "version": "1.1.3",
  "lockfileVersion": 1,
  "requires": true,
  "dependencies": {
    "bindings": {
      "version": "1.2.1",
      "resolved": "https://registry.npmjs.org/bindings/-/bindings-1.2.1.tgz",
      "integrity": "sha1-FK1hE4EtLTfXLme0ystLtyZQXxE="
    },
    "nan": {
      "version": "2.14.0",
      "resolved": "https://registry.npmjs.org/nan/-/nan-2.14.0.tgz",
      "integrity": "sha512-INOFj37C7k3AfaNTtX8RhsTw7qRy7eLET14cROi9+5HAVbbHuIWUHEauBv5qT4Av2tWasiTY1Jw6puUNqRJXQg=="
    },
    "util-promisifyall": {
      "version": "1.0.4",
      "resolved": "https://registry.npmjs.org/util-promisifyall/-/util-promisifyall-1.0.4.tgz",
      "integrity": "sha512-dgR84x56iVKsSMNo5GGED+xciS1bLS84Wsi5sYHW59Wf/P0mVdJckx2o7vLHrChG94J4c/T9EXoRJSoNy6qSEQ=="
    }
  }
}
